
Microsoft Visual Studio Solution File, Format Version 12.00
# Visual Studio Version 16
VisualStudioVersion = 16.0.30611.23
MinimumVisualStudioVersion = 10.0.40219.1
Project("{9A19103F-16F7-4668-BE54-9A1E7A4F7556}") = "EntropyServer", "EntropyServer\EntropyServer.csproj", "{69FE44BC-D8C2-49EE-B9FC-3899519EFFA4}"
EndProject
Project("{9A19103F-16F7-4668-BE54-9A1E7A4F7556}") = "EntropyServer.Domain", "EntropyServer.Domain\EntropyServer.Domain.csproj", "{0212689E-23C4-453F-AC40-1961079FF6EC}"
EndProject
Project("{9A19103F-16F7-4668-BE54-9A1E7A4F7556}") = "EntropyServer.Infrastructure", "EntropyServer.Infrastructure\EntropyServer.Infrastructure.csproj", "{CA7C62B1-27EF-4CD8-9D41-562CEDD31A6F}"
EndProject
Project("{2150E333-8FDC-42A3-9474-1A3956D46DE8}") = "Solution Items", "Solution Items", "{4B50793B-2AD7-42DC-B0F8-16932F162775}"
	ProjectSection(SolutionItems) = preProject
		.editorconfig = .editorconfig
	EndProjectSection
EndProject
Global
	GlobalSection(SolutionConfigurationPlatforms) = preSolution
		Debug|Any CPU = Debug|Any CPU
		Release|Any CPU = Release|Any CPU
	EndGlobalSection
	GlobalSection(ProjectConfigurationPlatforms) = postSolution
		{69FE44BC-D8C2-49EE-B9FC-3899519EFFA4}.Debug|Any CPU.ActiveCfg = Debug|Any CPU
		{69FE44BC-D8C2-49EE-B9FC-3899519EFFA4}.Debug|Any CPU.Build.0 = Debug|Any CPU
		{69FE44BC-D8C2-49EE-B9FC-3899519EFFA4}.Release|Any CPU.ActiveCfg = Release|Any CPU
		{69FE44BC-D8C2-49EE-B9FC-3899519EFFA4}.Release|Any CPU.Build.0 = Release|Any CPU
		{0212689E-23C4-453F-AC40-1961079FF6EC}.Debug|Any CPU.ActiveCfg = Debug|Any CPU
		{0212689E-23C4-453F-AC40-1961079FF6EC}.Debug|Any CPU.Build.0 = Debug|Any CPU
		{0212689E-23C4-453F-AC40-1961079FF6EC}.Release|Any CPU.ActiveCfg = Release|Any CPU
		{0212689E-23C4-453F-AC40-1961079FF6EC}.Release|Any CPU.Build.0 = Release|Any CPU
		{CA7C62B1-27EF-4CD8-9D41-562CEDD31A6F}.Debug|Any CPU.ActiveCfg = Debug|Any CPU
		{CA7C62B1-27EF-4CD8-9D41-562CEDD31A6F}.Debug|Any CPU.Build.0 = Debug|Any CPU
		{CA7C62B1-27EF-4CD8-9D41-562CEDD31A6F}.Release|Any CPU.ActiveCfg = Release|Any CPU
		{CA7C62B1-27EF-4CD8-9D41-562CEDD31A6F}.Release|Any CPU.Build.0 = Release|Any CPU
	EndGlobalSection
	GlobalSection(SolutionProperties) = preSolution
		HideSolutionNode = FALSE
	EndGlobalSection
	GlobalSection(ExtensibilityGlobals) = postSolution
		SolutionGuid = {66B29767-C7E3-4C54-8A11-EC95453E39DE}
	EndGlobalSection
EndGlobal
